<?xml version="1.0" encoding="utf-8"?>
<Project ToolsVersion="4.0" xmlns="http://schemas.microsoft.com/developer/msbuild/2003">
  <ItemGroup>
    <CudaCompile Include="Domain.cu">
      <Filter>Cuda</Filter>
    </CudaCompile>
    <CudaCompile Include="kernel.cu">
      <Filter>Cuda</Filter>
    </CudaCompile>
    <CudaCompile Include="LbmNode.cu">
      <Filter>Cuda</Filter>
    </CudaCompile>
    <CudaCompile Include="VectorUtils.cu">
      <Filter>Cuda</Filter>
    </CudaCompile>
  </ItemGroup>
  <ItemGroup>
    <ClCompile Include="Command\AddObstruction.cpp">
      <Filter>Command</Filter>
    </ClCompile>
    <ClCompile Include="Command\MoveObstruction.cpp">
      <Filter>Command</Filter>
    </ClCompile>
    <ClCompile Include="Command\Pan.cpp">
      <Filter>Command</Filter>
    </ClCompile>
    <ClCompile Include="Command\RemoveObstruction.cpp">
      <Filter>Command</Filter>
    </ClCompile>
    <ClCompile Include="Command\Rotate.cpp">
      <Filter>Command</Filter>
    </ClCompile>
    <ClCompile Include="Command\Zoom.cpp">
      <Filter>Command</Filter>
    </ClCompile>
    <ClCompile Include="Command\Command.cpp">
      <Filter>Command</Filter>
    </ClCompile>
    <ClCompile Include="Graphics\GraphicsManager.cpp">
      <Filter>Graphics</Filter>
    </ClCompile>
    <ClCompile Include="Graphics\ShaderManager.cpp">
      <Filter>Graphics</Filter>
    </ClCompile>
    <ClCompile Include="Graphics\CudaLbm.cpp">
      <Filter>Graphics</Filter>
    </ClCompile>
    <ClCompile Include="Command\PauseRayTracing.cpp">
      <Filter>Command</Filter>
    </ClCompile>
    <ClCompile Include="Command\PauseSimulation.cpp">
      <Filter>Command</Filter>
    </ClCompile>
    <ClCompile Include="Command\SetSimulationScale.cpp">
      <Filter>Command</Filter>
    </ClCompile>
    <ClCompile Include="Command\SetInletVelocity.cpp">
      <Filter>Command</Filter>
    </ClCompile>
    <ClCompile Include="Command\SetViscosity.cpp">
      <Filter>Command</Filter>
    </ClCompile>
    <ClCompile Include="Command\SetTimestepsPerFrame.cpp">
      <Filter>Command</Filter>
    </ClCompile>
    <ClCompile Include="Command\SetContourMode.cpp">
      <Filter>Command</Filter>
    </ClCompile>
    <ClCompile Include="Command\SetContourMinMax.cpp">
      <Filter>Command</Filter>
    </ClCompile>
    <ClCompile Include="Command\SetSurfaceShadingMode.cpp">
      <Filter>Command</Filter>
    </ClCompile>
    <ClCompile Include="Flow.cpp" />
    <ClCompile Include="Diagnostics.cpp" />
    <ClCompile Include="Command\Parameter\VelocityParameter.cpp">
      <Filter>Command\Parameter</Filter>
    </ClCompile>
    <ClCompile Include="Command\Parameter\ScreenPointParameter.cpp">
      <Filter>Command\Parameter</Filter>
    </ClCompile>
    <ClCompile Include="Command\Parameter\ScaleParameter.cpp">
      <Filter>Command\Parameter</Filter>
    </ClCompile>
    <ClCompile Include="Command\Parameter\MinMaxParameter.cpp">
      <Filter>Command\Parameter</Filter>
    </ClCompile>
    <ClCompile Include="Command\Parameter\ViscosityParameter.cpp">
      <Filter>Command\Parameter</Filter>
    </ClCompile>
    <ClCompile Include="Command\SetWaterDepth.cpp">
      <Filter>Command</Filter>
    </ClCompile>
    <ClCompile Include="Command\Parameter\DepthParameter.cpp">
      <Filter>Command\Parameter</Filter>
    </ClCompile>
  </ItemGroup>
  <ItemGroup>
    <ClInclude Include="Command\AddObstruction.h">
      <Filter>Command</Filter>
    </ClInclude>
    <ClInclude Include="Command\Command.h">
      <Filter>Command</Filter>
    </ClInclude>
    <ClInclude Include="Command\MoveObstruction.h">
      <Filter>Command</Filter>
    </ClInclude>
    <ClInclude Include="Command\RemoveObstruction.h">
      <Filter>Command</Filter>
    </ClInclude>
    <ClInclude Include="Command\Rotate.h">
      <Filter>Command</Filter>
    </ClInclude>
    <ClInclude Include="Command\Zoom.h">
      <Filter>Command</Filter>
    </ClInclude>
    <ClInclude Include="common.h" />
    <ClInclude Include="Command\Pan.h">
      <Filter>Command</Filter>
    </ClInclude>
    <ClInclude Include="Graphics\GraphicsManager.h">
      <Filter>Graphics</Filter>
    </ClInclude>
    <ClInclude Include="Graphics\ShaderManager.h">
      <Filter>Graphics</Filter>
    </ClInclude>
    <ClInclude Include="Graphics\CudaLbm.h">
      <Filter>Graphics</Filter>
    </ClInclude>
    <ClInclude Include="CudaCheck.h">
      <Filter>Graphics</Filter>
    </ClInclude>
    <ClInclude Include="Command\PauseRayTracing.h">
      <Filter>Command</Filter>
    </ClInclude>
    <ClInclude Include="Command\PauseSimulation.h">
      <Filter>Command</Filter>
    </ClInclude>
    <ClInclude Include="Domain.h">
      <Filter>Cuda</Filter>
    </ClInclude>
    <ClInclude Include="kernel.h">
      <Filter>Cuda</Filter>
    </ClInclude>
    <ClInclude Include="LbmNode.h">
      <Filter>Cuda</Filter>
    </ClInclude>
    <ClInclude Include="VectorUtils.h">
      <Filter>Cuda</Filter>
    </ClInclude>
    <ClInclude Include="Command\SetSimulationScale.h">
      <Filter>Command</Filter>
    </ClInclude>
    <ClInclude Include="Command\SetInletVelocity.h">
      <Filter>Command</Filter>
    </ClInclude>
    <ClInclude Include="Command\SetViscosity.h">
      <Filter>Command</Filter>
    </ClInclude>
    <ClInclude Include="Command\SetTimestepsPerFrame.h">
      <Filter>Command</Filter>
    </ClInclude>
    <ClInclude Include="Command\SetContourMode.h">
      <Filter>Command</Filter>
    </ClInclude>
    <ClInclude Include="Command\SetContourMinMax.h">
      <Filter>Command</Filter>
    </ClInclude>
    <ClInclude Include="Command\SetSurfaceShadingMode.h">
      <Filter>Command</Filter>
    </ClInclude>
    <ClInclude Include="Graphics\ShadingMode.h">
      <Filter>Graphics</Filter>
    </ClInclude>
    <ClInclude Include="Flow.h" />
    <ClInclude Include="Command\Parameter\VelocityParameter.h">
      <Filter>Command\Parameter</Filter>
    </ClInclude>
    <ClInclude Include="Diagnostics.h" />
    <ClInclude Include="Command\Parameter\ScreenPointParameter.h">
      <Filter>Command\Parameter</Filter>
    </ClInclude>
    <ClInclude Include="Command\Parameter\MinMaxParameter.h">
      <Filter>Command\Parameter</Filter>
    </ClInclude>
    <ClInclude Include="Command\Parameter\ScaleParameter.h">
      <Filter>Command\Parameter</Filter>
    </ClInclude>
    <ClInclude Include="Command\Parameter\ViscosityParameter.h">
      <Filter>Command\Parameter</Filter>
    </ClInclude>
    <ClInclude Include="TimerKey.h" />
    <ClInclude Include="Command\SetWaterDepth.h">
      <Filter>Command</Filter>
    </ClInclude>
    <ClInclude Include="Command\Parameter\DepthParameter.h">
      <Filter>Command\Parameter</Filter>
    </ClInclude>
  </ItemGroup>
  <ItemGroup>
    <None Include="Shaders\SurfaceShader.vert.glsl">
      <Filter>Shaders</Filter>
    </None>
    <None Include="Shaders\SurfaceShader.comp.glsl">
      <Filter>Shaders</Filter>
    </None>
    <None Include="Shaders\Obstructions.comp.glsl">
      <Filter>Shaders</Filter>
    </None>
    <None Include="Shaders\SurfaceShader.frag.glsl">
      <Filter>Shaders</Filter>
    </None>
    <None Include="Shaders\Output.frag.glsl">
      <Filter>Shaders</Filter>
    </None>
    <None Include="Shaders\Output.vert.glsl">
      <Filter>Shaders</Filter>
    </None>
    <None Include="Shaders\Caustics.vert.glsl">
      <Filter>Shaders</Filter>
    </None>
    <None Include="Shaders\Caustics.frag.glsl">
      <Filter>Shaders</Filter>
    </None>
    <None Include="Shaders\Floor.frag.glsl">
      <Filter>Shaders</Filter>
    </None>
    <None Include="Shaders\Floor.vert.glsl">
      <Filter>Shaders</Filter>
    </None>
  </ItemGroup>
  <ItemGroup>
    <Filter Include="Command">
      <UniqueIdentifier>{60698793-cc05-4f9d-bd08-de9e82c0779b}</UniqueIdentifier>
    </Filter>
    <Filter Include="Shaders">
      <UniqueIdentifier>{4017dda8-ff9f-4e4e-92dd-91d00f230996}</UniqueIdentifier>
    </Filter>
    <Filter Include="Graphics">
      <UniqueIdentifier>{5572258e-85d1-4c30-8691-d0a082b7aae4}</UniqueIdentifier>
    </Filter>
    <Filter Include="Cuda">
      <UniqueIdentifier>{749be78f-86d4-478a-91d7-32ec281a29cc}</UniqueIdentifier>
    </Filter>
    <Filter Include="Command\Parameter">
      <UniqueIdentifier>{1aeac10c-fda6-4ebd-b3ff-668def3ec6b4}</UniqueIdentifier>
    </Filter>
  </ItemGroup>
</Project>