<?xml version="1.0" encoding="utf-8"?>
<Project ToolsVersion="4.0" xmlns="http://schemas.microsoft.com/developer/msbuild/2003">
  <ItemGroup>
    <Filter Include="Resource Files">
      <UniqueIdentifier>{67DA6AB6-F800-4c08-8B7A-83BB121AAD01}</UniqueIdentifier>
      <Extensions>rc;ico;cur;bmp;dlg;rc2;rct;bin;rgs;gif;jpg;jpeg;jpe;resx;tiff;tif;png;wav;mfcribbon-ms</Extensions>
    </Filter>
    <Filter Include="Ogl">
      <UniqueIdentifier>{031f93fe-ce1e-4340-81bf-4c2c39b10018}</UniqueIdentifier>
    </Filter>
    <Filter Include="Utilities">
      <UniqueIdentifier>{9e88fee9-8859-49af-bb31-5e0cfc28b333}</UniqueIdentifier>
    </Filter>
    <Filter Include="Types">
      <UniqueIdentifier>{83e92ad3-dc3a-4fe9-a5a9-505da45715de}</UniqueIdentifier>
    </Filter>
  </ItemGroup>
  <ItemGroup>
    <ClCompile Include="Ogl\Ogl.cpp">
      <Filter>Ogl</Filter>
    </ClCompile>
    <ClCompile Include="Ogl\Shader.cpp">
      <Filter>Ogl</Filter>
    </ClCompile>
    <ClCompile Include="Utilities\FpsTracker.cpp">
      <Filter>Utilities</Filter>
    </ClCompile>
    <ClCompile Include="Utilities\Stopwatch.cpp">
      <Filter>Utilities</Filter>
    </ClCompile>
    <ClCompile Include="Utilities\StopwatchImpl.cpp">
      <Filter>Utilities</Filter>
    </ClCompile>
  </ItemGroup>
  <ItemGroup>
    <ClInclude Include="Ogl\Shader.h">
      <Filter>Ogl</Filter>
    </ClInclude>
    <ClInclude Include="Ogl\Ogl.h">
      <Filter>Ogl</Filter>
    </ClInclude>
    <ClInclude Include="Rect.h" />
    <ClInclude Include="Utilities\FpsTracker.h">
      <Filter>Utilities</Filter>
    </ClInclude>
    <ClInclude Include="Types\MinMax.h">
      <Filter>Types</Filter>
    </ClInclude>
    <ClInclude Include="Utilities\Stopwatch.h">
      <Filter>Utilities</Filter>
    </ClInclude>
    <ClInclude Include="Utilities\StopwatchImpl.h">
      <Filter>Utilities</Filter>
    </ClInclude>
    <ClInclude Include="Types\Box.h">
      <Filter>Types</Filter>
    </ClInclude>
    <ClInclude Include="Types\Point.h">
      <Filter>Types</Filter>
    </ClInclude>
    <ClInclude Include="Types\Point3D.h">
      <Filter>Types</Filter>
    </ClInclude>
    <ClInclude Include="Types\Color.h">
      <Filter>Types</Filter>
    </ClInclude>
  </ItemGroup>
  <ItemGroup>
    <None Include="packages.config" />
  </ItemGroup>
</Project>