<?xml version="1.0" encoding="utf-8"?>
<Project ToolsVersion="4.0" xmlns="http://schemas.microsoft.com/developer/msbuild/2003">
  <ItemGroup>
    <CudaCompile Include="Domain.cu" />
    <CudaCompile Include="kernel.cu" />
    <CudaCompile Include="LbmNode.cu" />
  </ItemGroup>
  <ItemGroup>
    <ClCompile Include="Command\AddObstruction.cpp">
      <Filter>Command</Filter>
    </ClCompile>
    <ClCompile Include="Command\ButtonPress.cpp">
      <Filter>Command</Filter>
    </ClCompile>
    <ClCompile Include="Command\MoveObstruction.cpp">
      <Filter>Command</Filter>
    </ClCompile>
    <ClCompile Include="Command\Pan.cpp">
      <Filter>Command</Filter>
    </ClCompile>
    <ClCompile Include="Command\RemoveObstruction.cpp">
      <Filter>Command</Filter>
    </ClCompile>
    <ClCompile Include="Command\Rotate.cpp">
      <Filter>Command</Filter>
    </ClCompile>
    <ClCompile Include="Command\SliderDrag.cpp">
      <Filter>Command</Filter>
    </ClCompile>
    <ClCompile Include="Command\Zoom.cpp">
      <Filter>Command</Filter>
    </ClCompile>
    <ClCompile Include="Command\Command.cpp">
      <Filter>Command</Filter>
    </ClCompile>
    <ClCompile Include="FpsTracker.cpp" />
    <ClCompile Include="Layout.cpp" />
    <ClCompile Include="RectFloat.cpp" />
    <ClCompile Include="RectInt.cpp" />
    <ClCompile Include="Shader.cpp" />
    <ClCompile Include="Graphics\GraphicsManager.cpp">
      <Filter>Graphics</Filter>
    </ClCompile>
    <ClCompile Include="Graphics\ShaderManager.cpp">
      <Filter>Graphics</Filter>
    </ClCompile>
    <ClCompile Include="Graphics\CudaLbm.cpp">
      <Filter>Graphics</Filter>
    </ClCompile>
    <ClCompile Include="Panel\Panel.cpp">
      <Filter>Panel</Filter>
    </ClCompile>
    <ClCompile Include="Panel\Button.cpp">
      <Filter>Panel</Filter>
    </ClCompile>
    <ClCompile Include="Panel\ButtonGroup.cpp">
      <Filter>Panel</Filter>
    </ClCompile>
    <ClCompile Include="Panel\Slider.cpp">
      <Filter>Panel</Filter>
    </ClCompile>
    <ClCompile Include="Panel\SliderBar.cpp">
      <Filter>Panel</Filter>
    </ClCompile>
  </ItemGroup>
  <ItemGroup>
    <ClInclude Include="Command\AddObstruction.h">
      <Filter>Command</Filter>
    </ClInclude>
    <ClInclude Include="Command\Command.h">
      <Filter>Command</Filter>
    </ClInclude>
    <ClInclude Include="Command\MoveObstruction.h">
      <Filter>Command</Filter>
    </ClInclude>
    <ClInclude Include="Command\RemoveObstruction.h">
      <Filter>Command</Filter>
    </ClInclude>
    <ClInclude Include="Command\Rotate.h">
      <Filter>Command</Filter>
    </ClInclude>
    <ClInclude Include="Command\SliderDrag.h">
      <Filter>Command</Filter>
    </ClInclude>
    <ClInclude Include="Command\Zoom.h">
      <Filter>Command</Filter>
    </ClInclude>
    <ClInclude Include="Command\ButtonPress.h">
      <Filter>Command</Filter>
    </ClInclude>
    <ClInclude Include="common.h" />
    <ClInclude Include="Domain.h" />
    <ClInclude Include="FpsTracker.h" />
    <ClInclude Include="kernel.h" />
    <ClInclude Include="Layout.h" />
    <ClInclude Include="LbmNode.h" />
    <ClInclude Include="RectFloat.h" />
    <ClInclude Include="RectInt.h" />
    <ClInclude Include="Shader.h" />
    <ClInclude Include="Command\Pan.h">
      <Filter>Command</Filter>
    </ClInclude>
    <ClInclude Include="Graphics\GraphicsManager.h">
      <Filter>Graphics</Filter>
    </ClInclude>
    <ClInclude Include="Graphics\ShaderManager.h">
      <Filter>Graphics</Filter>
    </ClInclude>
    <ClInclude Include="Graphics\CudaLbm.h">
      <Filter>Graphics</Filter>
    </ClInclude>
    <ClInclude Include="Panel\Panel.h">
      <Filter>Panel</Filter>
    </ClInclude>
    <ClInclude Include="Panel\Button.h">
      <Filter>Panel</Filter>
    </ClInclude>
    <ClInclude Include="Panel\ButtonGroup.h">
      <Filter>Panel</Filter>
    </ClInclude>
    <ClInclude Include="Panel\Slider.h">
      <Filter>Panel</Filter>
    </ClInclude>
    <ClInclude Include="Panel\SliderBar.h">
      <Filter>Panel</Filter>
    </ClInclude>
  </ItemGroup>
  <ItemGroup>
    <None Include="Shaders\FloorShader.vert.glsl" />
    <None Include="Shaders\FloorShader.frag.glsl" />
    <None Include="Shaders\SurfaceShader.vert.glsl">
      <Filter>Shaders</Filter>
    </None>
    <None Include="Shaders\SurfaceShader.comp.glsl">
      <Filter>Shaders</Filter>
    </None>
    <None Include="Shaders\Obstructions.comp.glsl">
      <Filter>Shaders</Filter>
    </None>
    <None Include="Shaders\SurfaceShader.frag.glsl">
      <Filter>Shaders</Filter>
    </None>
  </ItemGroup>
  <ItemGroup>
    <Filter Include="Command">
      <UniqueIdentifier>{60698793-cc05-4f9d-bd08-de9e82c0779b}</UniqueIdentifier>
    </Filter>
    <Filter Include="Shaders">
      <UniqueIdentifier>{4017dda8-ff9f-4e4e-92dd-91d00f230996}</UniqueIdentifier>
    </Filter>
    <Filter Include="Graphics">
      <UniqueIdentifier>{5572258e-85d1-4c30-8691-d0a082b7aae4}</UniqueIdentifier>
    </Filter>
    <Filter Include="Panel">
      <UniqueIdentifier>{f9951763-99c8-4613-bfb6-a385b51a891b}</UniqueIdentifier>
    </Filter>
  </ItemGroup>
</Project>